
Microsoft Visual Studio Solution File, Format Version 12.00
# Visual Studio Version 17
VisualStudioVersion = 17.2.32602.215
MinimumVisualStudioVersion = 10.0.40219.1
Project("{9A19103F-16F7-4668-BE54-9A1E7A4F7556}") = "SalaryService", "SalaryService.csproj", "{45BC5B78-8833-4E81-BE55-C1E8F926D9F3}"
EndProject
Global
	GlobalSection(SolutionConfigurationPlatforms) = preSolution
		Debug|Any CPU = Debug|Any CPU
		Release|Any CPU = Release|Any CPU
	EndGlobalSection
	GlobalSection(ProjectConfigurationPlatforms) = postSolution
		{45BC5B78-8833-4E81-BE55-C1E8F926D9F3}.Debug|Any CPU.ActiveCfg = Debug|Any CPU
		{45BC5B78-8833-4E81-BE55-C1E8F926D9F3}.Debug|Any CPU.Build.0 = Debug|Any CPU
		{45BC5B78-8833-4E81-BE55-C1E8F926D9F3}.Release|Any CPU.ActiveCfg = Release|Any CPU
		{45BC5B78-8833-4E81-BE55-C1E8F926D9F3}.Release|Any CPU.Build.0 = Release|Any CPU
	EndGlobalSection
	GlobalSection(SolutionProperties) = preSolution
		HideSolutionNode = FALSE
	EndGlobalSection
	GlobalSection(ExtensibilityGlobals) = postSolution
		SolutionGuid = {7841DEA8-EF25-421B-B88E-ECE30AF9CA75}
	EndGlobalSection
EndGlobal
